
Microsoft Visual Studio Solution File, Format Version 12.00
# Visual Studio Version 17
VisualStudioVersion = 17.0.32014.148
MinimumVisualStudioVersion = 10.0.40219.1
Project("{FAE04EC0-301F-11D3-BF4B-00C04F79EFBC}") = "ManagedIdentity", "ManagedIdentity\ManagedIdentity.csproj", "{C11EF6FB-96C9-46D5-A84E-B8C6F4270A15}"
EndProject
Global
	GlobalSection(SolutionConfigurationPlatforms) = preSolution
		Debug|Any CPU = Debug|Any CPU
		Release|Any CPU = Release|Any CPU
	EndGlobalSection
	GlobalSection(ProjectConfigurationPlatforms) = postSolution
		{C11EF6FB-96C9-46D5-A84E-B8C6F4270A15}.Debug|Any CPU.ActiveCfg = Debug|Any CPU
		{C11EF6FB-96C9-46D5-A84E-B8C6F4270A15}.Debug|Any CPU.Build.0 = Debug|Any CPU
		{C11EF6FB-96C9-46D5-A84E-B8C6F4270A15}.Release|Any CPU.ActiveCfg = Release|Any CPU
		{C11EF6FB-96C9-46D5-A84E-B8C6F4270A15}.Release|Any CPU.Build.0 = Release|Any CPU
	EndGlobalSection
	GlobalSection(SolutionProperties) = preSolution
		HideSolutionNode = FALSE
	EndGlobalSection
	GlobalSection(ExtensibilityGlobals) = postSolution
		SolutionGuid = {89F4DA35-46A0-4425-8755-C23A70E6101D}
	EndGlobalSection
EndGlobal
