
Microsoft Visual Studio Solution File, Format Version 12.00
# Visual Studio Version 17
VisualStudioVersion = 17.0.32014.148
MinimumVisualStudioVersion = 10.0.40219.1
Project("{FAE04EC0-301F-11D3-BF4B-00C04F79EFBC}") = "ServiceBusQueueApp", "ServiceBusQueueApp\ServiceBusQueueApp.csproj", "{9E44F9BD-BA8C-45C8-907B-1B5ED9BC988F}"
EndProject
Global
	GlobalSection(SolutionConfigurationPlatforms) = preSolution
		Debug|Any CPU = Debug|Any CPU
		Release|Any CPU = Release|Any CPU
	EndGlobalSection
	GlobalSection(ProjectConfigurationPlatforms) = postSolution
		{9E44F9BD-BA8C-45C8-907B-1B5ED9BC988F}.Debug|Any CPU.ActiveCfg = Debug|Any CPU
		{9E44F9BD-BA8C-45C8-907B-1B5ED9BC988F}.Debug|Any CPU.Build.0 = Debug|Any CPU
		{9E44F9BD-BA8C-45C8-907B-1B5ED9BC988F}.Release|Any CPU.ActiveCfg = Release|Any CPU
		{9E44F9BD-BA8C-45C8-907B-1B5ED9BC988F}.Release|Any CPU.Build.0 = Release|Any CPU
	EndGlobalSection
	GlobalSection(SolutionProperties) = preSolution
		HideSolutionNode = FALSE
	EndGlobalSection
	GlobalSection(ExtensibilityGlobals) = postSolution
		SolutionGuid = {8B008FAA-21E1-4063-9378-F09A15319B88}
	EndGlobalSection
EndGlobal
