
Microsoft Visual Studio Solution File, Format Version 12.00
# Visual Studio Version 17
VisualStudioVersion = 17.0.32014.148
MinimumVisualStudioVersion = 10.0.40219.1
Project("{FAE04EC0-301F-11D3-BF4B-00C04F79EFBC}") = "AzureEventGrid", "AzureEventGrid\AzureEventGrid.csproj", "{70791EE7-79C5-4098-8A57-2C6E0EBA4DA9}"
EndProject
Global
	GlobalSection(SolutionConfigurationPlatforms) = preSolution
		Debug|Any CPU = Debug|Any CPU
		Release|Any CPU = Release|Any CPU
	EndGlobalSection
	GlobalSection(ProjectConfigurationPlatforms) = postSolution
		{70791EE7-79C5-4098-8A57-2C6E0EBA4DA9}.Debug|Any CPU.ActiveCfg = Debug|Any CPU
		{70791EE7-79C5-4098-8A57-2C6E0EBA4DA9}.Debug|Any CPU.Build.0 = Debug|Any CPU
		{70791EE7-79C5-4098-8A57-2C6E0EBA4DA9}.Release|Any CPU.ActiveCfg = Release|Any CPU
		{70791EE7-79C5-4098-8A57-2C6E0EBA4DA9}.Release|Any CPU.Build.0 = Release|Any CPU
	EndGlobalSection
	GlobalSection(SolutionProperties) = preSolution
		HideSolutionNode = FALSE
	EndGlobalSection
	GlobalSection(ExtensibilityGlobals) = postSolution
		SolutionGuid = {22322CA6-5D1C-436D-9392-E43DA1DEC77F}
	EndGlobalSection
EndGlobal
