
Microsoft Visual Studio Solution File, Format Version 12.00
# Visual Studio Version 17
VisualStudioVersion = 17.1.32328.378
MinimumVisualStudioVersion = 10.0.40219.1
Project("{FAE04EC0-301F-11D3-BF4B-00C04F79EFBC}") = "AzureEventHubApp", "AzureEventHubApp.csproj", "{568E942C-B6EC-42A1-B25E-0657876F8D22}"
EndProject
Project("{FAE04EC0-301F-11D3-BF4B-00C04F79EFBC}") = "EventHubFunction", "..\EventHubFunction\EventHubFunction.csproj", "{2F19B2AB-6351-4360-9C90-903110C64957}"
EndProject
Global
	GlobalSection(SolutionConfigurationPlatforms) = preSolution
		Debug|Any CPU = Debug|Any CPU
		Release|Any CPU = Release|Any CPU
	EndGlobalSection
	GlobalSection(ProjectConfigurationPlatforms) = postSolution
		{568E942C-B6EC-42A1-B25E-0657876F8D22}.Debug|Any CPU.ActiveCfg = Debug|Any CPU
		{568E942C-B6EC-42A1-B25E-0657876F8D22}.Debug|Any CPU.Build.0 = Debug|Any CPU
		{568E942C-B6EC-42A1-B25E-0657876F8D22}.Release|Any CPU.ActiveCfg = Release|Any CPU
		{568E942C-B6EC-42A1-B25E-0657876F8D22}.Release|Any CPU.Build.0 = Release|Any CPU
		{2F19B2AB-6351-4360-9C90-903110C64957}.Debug|Any CPU.ActiveCfg = Debug|Any CPU
		{2F19B2AB-6351-4360-9C90-903110C64957}.Debug|Any CPU.Build.0 = Debug|Any CPU
		{2F19B2AB-6351-4360-9C90-903110C64957}.Release|Any CPU.ActiveCfg = Release|Any CPU
		{2F19B2AB-6351-4360-9C90-903110C64957}.Release|Any CPU.Build.0 = Release|Any CPU
	EndGlobalSection
	GlobalSection(SolutionProperties) = preSolution
		HideSolutionNode = FALSE
	EndGlobalSection
	GlobalSection(ExtensibilityGlobals) = postSolution
		SolutionGuid = {0B338F4A-22BE-4788-8477-E4D3408724B0}
	EndGlobalSection
EndGlobal
