
Microsoft Visual Studio Solution File, Format Version 12.00
# Visual Studio Version 17
VisualStudioVersion = 17.0.32014.148
MinimumVisualStudioVersion = 10.0.40219.1
Project("{FAE04EC0-301F-11D3-BF4B-00C04F79EFBC}") = "FunctionApp-CosmosDb-ChangeFeed", "FunctionApp-CosmosDb-ChangeFeed.csproj", "{A44A4A84-5999-4874-822D-AFA6697534BC}"
EndProject
Global
	GlobalSection(SolutionConfigurationPlatforms) = preSolution
		Debug|Any CPU = Debug|Any CPU
		Release|Any CPU = Release|Any CPU
	EndGlobalSection
	GlobalSection(ProjectConfigurationPlatforms) = postSolution
		{A44A4A84-5999-4874-822D-AFA6697534BC}.Debug|Any CPU.ActiveCfg = Debug|Any CPU
		{A44A4A84-5999-4874-822D-AFA6697534BC}.Debug|Any CPU.Build.0 = Debug|Any CPU
		{A44A4A84-5999-4874-822D-AFA6697534BC}.Release|Any CPU.ActiveCfg = Release|Any CPU
		{A44A4A84-5999-4874-822D-AFA6697534BC}.Release|Any CPU.Build.0 = Release|Any CPU
	EndGlobalSection
	GlobalSection(SolutionProperties) = preSolution
		HideSolutionNode = FALSE
	EndGlobalSection
	GlobalSection(ExtensibilityGlobals) = postSolution
		SolutionGuid = {CF13456B-C572-4CC0-9ACB-92D55944A6C2}
	EndGlobalSection
EndGlobal
