
Microsoft Visual Studio Solution File, Format Version 12.00
# Visual Studio Version 17
VisualStudioVersion = 17.0.32014.148
MinimumVisualStudioVersion = 10.0.40219.1
Project("{FAE04EC0-301F-11D3-BF4B-00C04F79EFBC}") = "FunctionApp1", "FunctionApp1.csproj", "{E740E5E0-AC0E-4602-A680-5D555C9D977E}"
EndProject
Global
	GlobalSection(SolutionConfigurationPlatforms) = preSolution
		Debug|Any CPU = Debug|Any CPU
		Release|Any CPU = Release|Any CPU
	EndGlobalSection
	GlobalSection(ProjectConfigurationPlatforms) = postSolution
		{E740E5E0-AC0E-4602-A680-5D555C9D977E}.Debug|Any CPU.ActiveCfg = Debug|Any CPU
		{E740E5E0-AC0E-4602-A680-5D555C9D977E}.Debug|Any CPU.Build.0 = Debug|Any CPU
		{E740E5E0-AC0E-4602-A680-5D555C9D977E}.Release|Any CPU.ActiveCfg = Release|Any CPU
		{E740E5E0-AC0E-4602-A680-5D555C9D977E}.Release|Any CPU.Build.0 = Release|Any CPU
	EndGlobalSection
	GlobalSection(SolutionProperties) = preSolution
		HideSolutionNode = FALSE
	EndGlobalSection
	GlobalSection(ExtensibilityGlobals) = postSolution
		SolutionGuid = {258EAC3F-4E32-4432-9188-2E23A2409512}
	EndGlobalSection
EndGlobal
