
Microsoft Visual Studio Solution File, Format Version 12.00
# Visual Studio Version 16
VisualStudioVersion = 16.0.31613.86
MinimumVisualStudioVersion = 10.0.40219.1
Project("{FAE04EC0-301F-11D3-BF4B-00C04F79EFBC}") = "AzureStorageUtils", "AzureStorageUtils.csproj", "{B44FEC41-CA39-4989-8DE5-CF16A0274027}"
EndProject
Global
	GlobalSection(SolutionConfigurationPlatforms) = preSolution
		Debug|Any CPU = Debug|Any CPU
		Release|Any CPU = Release|Any CPU
	EndGlobalSection
	GlobalSection(ProjectConfigurationPlatforms) = postSolution
		{B44FEC41-CA39-4989-8DE5-CF16A0274027}.Debug|Any CPU.ActiveCfg = Debug|Any CPU
		{B44FEC41-CA39-4989-8DE5-CF16A0274027}.Debug|Any CPU.Build.0 = Debug|Any CPU
		{B44FEC41-CA39-4989-8DE5-CF16A0274027}.Release|Any CPU.ActiveCfg = Release|Any CPU
		{B44FEC41-CA39-4989-8DE5-CF16A0274027}.Release|Any CPU.Build.0 = Release|Any CPU
	EndGlobalSection
	GlobalSection(SolutionProperties) = preSolution
		HideSolutionNode = FALSE
	EndGlobalSection
	GlobalSection(ExtensibilityGlobals) = postSolution
		SolutionGuid = {A256F718-8CB1-4C28-966E-5827D5F001BC}
	EndGlobalSection
EndGlobal
