
Microsoft Visual Studio Solution File, Format Version 12.00
# Visual Studio Version 17
VisualStudioVersion = 17.1.32328.378
MinimumVisualStudioVersion = 10.0.40219.1
Project("{FAE04EC0-301F-11D3-BF4B-00C04F79EFBC}") = "AzureServiceBusQueue", "AzureServiceBusQueue.csproj", "{C621AD9E-EFCD-42AA-8B40-FE9146AD3BA5}"
EndProject
Global
	GlobalSection(SolutionConfigurationPlatforms) = preSolution
		Debug|Any CPU = Debug|Any CPU
		Release|Any CPU = Release|Any CPU
	EndGlobalSection
	GlobalSection(ProjectConfigurationPlatforms) = postSolution
		{C621AD9E-EFCD-42AA-8B40-FE9146AD3BA5}.Debug|Any CPU.ActiveCfg = Debug|Any CPU
		{C621AD9E-EFCD-42AA-8B40-FE9146AD3BA5}.Debug|Any CPU.Build.0 = Debug|Any CPU
		{C621AD9E-EFCD-42AA-8B40-FE9146AD3BA5}.Release|Any CPU.ActiveCfg = Release|Any CPU
		{C621AD9E-EFCD-42AA-8B40-FE9146AD3BA5}.Release|Any CPU.Build.0 = Release|Any CPU
	EndGlobalSection
	GlobalSection(SolutionProperties) = preSolution
		HideSolutionNode = FALSE
	EndGlobalSection
	GlobalSection(ExtensibilityGlobals) = postSolution
		SolutionGuid = {D6BD3DAF-8BCC-4557-836D-C9C40CC4DEF5}
	EndGlobalSection
EndGlobal
