
Microsoft Visual Studio Solution File, Format Version 12.00
# Visual Studio Version 17
VisualStudioVersion = 17.0.32014.148
MinimumVisualStudioVersion = 10.0.40219.1
Project("{FAE04EC0-301F-11D3-BF4B-00C04F79EFBC}") = "KeyVaultApp", "KeyVaultApp.csproj", "{F63F27FB-0FD1-462C-A881-8277D68B3BA4}"
EndProject
Global
	GlobalSection(SolutionConfigurationPlatforms) = preSolution
		Debug|Any CPU = Debug|Any CPU
		Release|Any CPU = Release|Any CPU
	EndGlobalSection
	GlobalSection(ProjectConfigurationPlatforms) = postSolution
		{F63F27FB-0FD1-462C-A881-8277D68B3BA4}.Debug|Any CPU.ActiveCfg = Debug|Any CPU
		{F63F27FB-0FD1-462C-A881-8277D68B3BA4}.Debug|Any CPU.Build.0 = Debug|Any CPU
		{F63F27FB-0FD1-462C-A881-8277D68B3BA4}.Release|Any CPU.ActiveCfg = Release|Any CPU
		{F63F27FB-0FD1-462C-A881-8277D68B3BA4}.Release|Any CPU.Build.0 = Release|Any CPU
	EndGlobalSection
	GlobalSection(SolutionProperties) = preSolution
		HideSolutionNode = FALSE
	EndGlobalSection
	GlobalSection(ExtensibilityGlobals) = postSolution
		SolutionGuid = {3AA269DA-E790-4A50-9774-DF616D14A1F5}
	EndGlobalSection
EndGlobal
