
Microsoft Visual Studio Solution File, Format Version 12.00
# Visual Studio Version 17
VisualStudioVersion = 17.0.32014.148
MinimumVisualStudioVersion = 10.0.40219.1
Project("{9A19103F-16F7-4668-BE54-9A1E7A4F7556}") = "Sender", "EventHub\Sender.csproj", "{62D5F82A-3FFA-44F9-9242-59147DC4515E}"
EndProject
Project("{2150E333-8FDC-42A3-9474-1A3956D46DE8}") = "Solution Items", "Solution Items", "{4313FC0A-DE61-4896-B5DB-ECC4F7082327}"
EndProject
Project("{9A19103F-16F7-4668-BE54-9A1E7A4F7556}") = "Receiver", "Receiver\Receiver.csproj", "{3C84779C-4DEE-43D3-8045-617EC71D608D}"
EndProject
Global
	GlobalSection(SolutionConfigurationPlatforms) = preSolution
		Debug|Any CPU = Debug|Any CPU
		Release|Any CPU = Release|Any CPU
	EndGlobalSection
	GlobalSection(ProjectConfigurationPlatforms) = postSolution
		{62D5F82A-3FFA-44F9-9242-59147DC4515E}.Debug|Any CPU.ActiveCfg = Debug|Any CPU
		{62D5F82A-3FFA-44F9-9242-59147DC4515E}.Debug|Any CPU.Build.0 = Debug|Any CPU
		{62D5F82A-3FFA-44F9-9242-59147DC4515E}.Release|Any CPU.ActiveCfg = Release|Any CPU
		{62D5F82A-3FFA-44F9-9242-59147DC4515E}.Release|Any CPU.Build.0 = Release|Any CPU
		{3C84779C-4DEE-43D3-8045-617EC71D608D}.Debug|Any CPU.ActiveCfg = Debug|Any CPU
		{3C84779C-4DEE-43D3-8045-617EC71D608D}.Debug|Any CPU.Build.0 = Debug|Any CPU
		{3C84779C-4DEE-43D3-8045-617EC71D608D}.Release|Any CPU.ActiveCfg = Release|Any CPU
		{3C84779C-4DEE-43D3-8045-617EC71D608D}.Release|Any CPU.Build.0 = Release|Any CPU
	EndGlobalSection
	GlobalSection(SolutionProperties) = preSolution
		HideSolutionNode = FALSE
	EndGlobalSection
	GlobalSection(ExtensibilityGlobals) = postSolution
		SolutionGuid = {EBCF52ED-B41D-4FF7-93FD-BF47D7C67245}
	EndGlobalSection
EndGlobal
