
Microsoft Visual Studio Solution File, Format Version 12.00
# Visual Studio Version 17
VisualStudioVersion = 17.1.32328.378
MinimumVisualStudioVersion = 10.0.40219.1
Project("{FAE04EC0-301F-11D3-BF4B-00C04F79EFBC}") = "AzureEventGridCustomTopic", "AzureEventGridCustomTopic.csproj", "{BBDA505E-B18B-490A-9408-715C6D8925B5}"
EndProject
Global
	GlobalSection(SolutionConfigurationPlatforms) = preSolution
		Debug|Any CPU = Debug|Any CPU
		Release|Any CPU = Release|Any CPU
	EndGlobalSection
	GlobalSection(ProjectConfigurationPlatforms) = postSolution
		{BBDA505E-B18B-490A-9408-715C6D8925B5}.Debug|Any CPU.ActiveCfg = Debug|Any CPU
		{BBDA505E-B18B-490A-9408-715C6D8925B5}.Debug|Any CPU.Build.0 = Debug|Any CPU
		{BBDA505E-B18B-490A-9408-715C6D8925B5}.Release|Any CPU.ActiveCfg = Release|Any CPU
		{BBDA505E-B18B-490A-9408-715C6D8925B5}.Release|Any CPU.Build.0 = Release|Any CPU
	EndGlobalSection
	GlobalSection(SolutionProperties) = preSolution
		HideSolutionNode = FALSE
	EndGlobalSection
	GlobalSection(ExtensibilityGlobals) = postSolution
		SolutionGuid = {C1FAB6A2-9111-4067-B965-A14EEE745260}
	EndGlobalSection
EndGlobal
