
Microsoft Visual Studio Solution File, Format Version 12.00
# Visual Studio Version 17
VisualStudioVersion = 17.1.32328.378
MinimumVisualStudioVersion = 10.0.40219.1
Project("{FAE04EC0-301F-11D3-BF4B-00C04F79EFBC}") = "RedisApp", "RedisApp.csproj", "{56637FCE-276E-44A3-AC08-3D6702A3E97C}"
EndProject
Global
	GlobalSection(SolutionConfigurationPlatforms) = preSolution
		Debug|Any CPU = Debug|Any CPU
		Release|Any CPU = Release|Any CPU
	EndGlobalSection
	GlobalSection(ProjectConfigurationPlatforms) = postSolution
		{56637FCE-276E-44A3-AC08-3D6702A3E97C}.Debug|Any CPU.ActiveCfg = Debug|Any CPU
		{56637FCE-276E-44A3-AC08-3D6702A3E97C}.Debug|Any CPU.Build.0 = Debug|Any CPU
		{56637FCE-276E-44A3-AC08-3D6702A3E97C}.Release|Any CPU.ActiveCfg = Release|Any CPU
		{56637FCE-276E-44A3-AC08-3D6702A3E97C}.Release|Any CPU.Build.0 = Release|Any CPU
	EndGlobalSection
	GlobalSection(SolutionProperties) = preSolution
		HideSolutionNode = FALSE
	EndGlobalSection
	GlobalSection(ExtensibilityGlobals) = postSolution
		SolutionGuid = {5AE37DBB-CDEC-4614-A42C-F754BB001B24}
	EndGlobalSection
EndGlobal
