
Microsoft Visual Studio Solution File, Format Version 12.00
# Visual Studio Version 17
VisualStudioVersion = 17.1.32328.378
MinimumVisualStudioVersion = 10.0.40219.1
Project("{FAE04EC0-301F-11D3-BF4B-00C04F79EFBC}") = "AzureServiceBusFunction", "AzureServiceBusFunction.csproj", "{A2B80C44-0A27-40FA-8287-BE7193800BF8}"
EndProject
Global
	GlobalSection(SolutionConfigurationPlatforms) = preSolution
		Debug|Any CPU = Debug|Any CPU
		Release|Any CPU = Release|Any CPU
	EndGlobalSection
	GlobalSection(ProjectConfigurationPlatforms) = postSolution
		{A2B80C44-0A27-40FA-8287-BE7193800BF8}.Debug|Any CPU.ActiveCfg = Debug|Any CPU
		{A2B80C44-0A27-40FA-8287-BE7193800BF8}.Debug|Any CPU.Build.0 = Debug|Any CPU
		{A2B80C44-0A27-40FA-8287-BE7193800BF8}.Release|Any CPU.ActiveCfg = Release|Any CPU
		{A2B80C44-0A27-40FA-8287-BE7193800BF8}.Release|Any CPU.Build.0 = Release|Any CPU
	EndGlobalSection
	GlobalSection(SolutionProperties) = preSolution
		HideSolutionNode = FALSE
	EndGlobalSection
	GlobalSection(ExtensibilityGlobals) = postSolution
		SolutionGuid = {F9BBD359-6604-4C0B-8241-D1A75A560A73}
	EndGlobalSection
EndGlobal
