
Microsoft Visual Studio Solution File, Format Version 12.00
# Visual Studio Version 17
VisualStudioVersion = 17.0.32014.148
MinimumVisualStudioVersion = 10.0.40219.1
Project("{FAE04EC0-301F-11D3-BF4B-00C04F79EFBC}") = "AzFunctionHttpTrigger", "AzFunctionHttpTrigger\AzFunctionHttpTrigger.csproj", "{3005F8B7-572D-41A6-AE12-4002C1DC584E}"
EndProject
Global
	GlobalSection(SolutionConfigurationPlatforms) = preSolution
		Debug|Any CPU = Debug|Any CPU
		Release|Any CPU = Release|Any CPU
	EndGlobalSection
	GlobalSection(ProjectConfigurationPlatforms) = postSolution
		{3005F8B7-572D-41A6-AE12-4002C1DC584E}.Debug|Any CPU.ActiveCfg = Debug|Any CPU
		{3005F8B7-572D-41A6-AE12-4002C1DC584E}.Debug|Any CPU.Build.0 = Debug|Any CPU
		{3005F8B7-572D-41A6-AE12-4002C1DC584E}.Release|Any CPU.ActiveCfg = Release|Any CPU
		{3005F8B7-572D-41A6-AE12-4002C1DC584E}.Release|Any CPU.Build.0 = Release|Any CPU
	EndGlobalSection
	GlobalSection(SolutionProperties) = preSolution
		HideSolutionNode = FALSE
	EndGlobalSection
	GlobalSection(ExtensibilityGlobals) = postSolution
		SolutionGuid = {F93BA92F-2575-4A6D-A45F-7E2F5E1F5405}
	EndGlobalSection
EndGlobal
