
Microsoft Visual Studio Solution File, Format Version 12.00
# Visual Studio Version 17
VisualStudioVersion = 17.0.32014.148
MinimumVisualStudioVersion = 10.0.40219.1
Project("{FAE04EC0-301F-11D3-BF4B-00C04F79EFBC}") = "WebApiWithAuth", "WebApiWithAuth.csproj", "{CBAE111D-664F-4771-BA99-338399739A7C}"
EndProject
Global
	GlobalSection(SolutionConfigurationPlatforms) = preSolution
		Debug|Any CPU = Debug|Any CPU
		Release|Any CPU = Release|Any CPU
	EndGlobalSection
	GlobalSection(ProjectConfigurationPlatforms) = postSolution
		{CBAE111D-664F-4771-BA99-338399739A7C}.Debug|Any CPU.ActiveCfg = Debug|Any CPU
		{CBAE111D-664F-4771-BA99-338399739A7C}.Debug|Any CPU.Build.0 = Debug|Any CPU
		{CBAE111D-664F-4771-BA99-338399739A7C}.Release|Any CPU.ActiveCfg = Release|Any CPU
		{CBAE111D-664F-4771-BA99-338399739A7C}.Release|Any CPU.Build.0 = Release|Any CPU
	EndGlobalSection
	GlobalSection(SolutionProperties) = preSolution
		HideSolutionNode = FALSE
	EndGlobalSection
	GlobalSection(ExtensibilityGlobals) = postSolution
		SolutionGuid = {896E0075-5D73-48A3-A34A-5B8571BE2F0A}
	EndGlobalSection
EndGlobal
